// !$*UTF8*$!
{
	archiveVersion = 1;
	classes = {
	};
	objectVersion = 46;
	objects = {

/* Begin PBXBuildFile section */
		9AE032B51C3F46040040C1C0 /* main.m in Sources */ = {isa = PBXBuildFile; fileRef = 9AE032B41C3F46040040C1C0 /* main.m */; };
		9AE032B81C3F46040040C1C0 /* AppDelegate.m in Sources */ = {isa = PBXBuildFile; fileRef = 9AE032B71C3F46040040C1C0 /* AppDelegate.m */; };
		9AE032BB1C3F46040040C1C0 /* ViewController.m in Sources */ = {isa = PBXBuildFile; fileRef = 9AE032BA1C3F46040040C1C0 /* ViewController.m */; };
		9AE032BE1C3F46040040C1C0 /* Main.storyboard in Resources */ = {isa = PBXBuildFile; fileRef = 9AE032BC1C3F46040040C1C0 /* Main.storyboard */; };
		9AE032C01C3F46040040C1C0 /* Assets.xcassets in Resources */ = {isa = PBXBuildFile; fileRef = 9AE032BF1C3F46040040C1C0 /* Assets.xcassets */; };
		9AE032C31C3F46040040C1C0 /* LaunchScreen.storyboard in Resources */ = {isa = PBXBuildFile; fileRef = 9AE032C11C3F46040040C1C0 /* LaunchScreen.storyboard */; };
		9AE032CE1C3F46040040C1C0 /* blockAndDelagetaTests.m in Sources */ = {isa = PBXBuildFile; fileRef = 9AE032CD1C3F46040040C1C0 /* blockAndDelagetaTests.m */; };
		9AE032D91C3F46040040C1C0 /* blockAndDelagetaUITests.m in Sources */ = {isa = PBXBuildFile; fileRef = 9AE032D81C3F46040040C1C0 /* blockAndDelagetaUITests.m */; };
/* End PBXBuildFile section */

/* Begin PBXContainerItemProxy section */
		9AE032CA1C3F46040040C1C0 /* PBXContainerItemProxy */ = {
			isa = PBXContainerItemProxy;
			containerPortal = 9AE032A81C3F46040040C1C0 /* Project object */;
			proxyType = 1;
			remoteGlobalIDString = 9AE032AF1C3F46040040C1C0;
			remoteInfo = blockAndDelageta;
		};
		9AE032D51C3F46040040C1C0 /* PBXContainerItemProxy */ = {
			isa = PBXContainerItemProxy;
			containerPortal = 9AE032A81C3F46040040C1C0 /* Project object */;
			proxyType = 1;
			remoteGlobalIDString = 9AE032AF1C3F46040040C1C0;
			remoteInfo = blockAndDelageta;
		};
/* End PBXContainerItemProxy section */

/* Begin PBXFileReference section */
		9AE032B01C3F46040040C1C0 /* blockAndDelageta.app */ = {isa = PBXFileReference; explicitFileType = wrapper.application; includeInIndex = 0; path = blockAndDelageta.app; sourceTree = BUILT_PRODUCTS_DIR; };
		9AE032B41C3F46040040C1C0 /* main.m */ = {isa = PBXFileReference; lastKnownFileType = sourcecode.c.objc; path = main.m; sourceTree = "<group>"; };
		9AE032B61C3F46040040C1C0 /* AppDelegate.h */ = {isa = PBXFileReference; lastKnownFileType = sourcecode.c.h; path = AppDelegate.h; sourceTree = "<group>"; };
		9AE032B71C3F46040040C1C0 /* AppDelegate.m */ = {isa = PBXFileReference; lastKnownFileType = sourcecode.c.objc; path = AppDelegate.m; sourceTree = "<group>"; };
		9AE032B91C3F46040040C1C0 /* ViewController.h */ = {isa = PBXFileReference; lastKnownFileType = sourcecode.c.h; path = ViewController.h; sourceTree = "<group>"; };
		9AE032BA1C3F46040040C1C0 /* ViewController.m */ = {isa = PBXFileReference; lastKnownFileType = sourcecode.c.objc; path = ViewController.m; sourceTree = "<group>"; };
		9AE032BD1C3F46040040C1C0 /* Base */ = {isa = PBXFileReference; lastKnownFileType = file.storyboard; name = Base; path = Base.lproj/Main.storyboard; sourceTree = "<group>"; };
		9AE032BF1C3F46040040C1C0 /* Assets.xcassets */ = {isa = PBXFileReference; lastKnownFileType = folder.assetcatalog; path = Assets.xcassets; sourceTree = "<group>"; };
		9AE032C21C3F46040040C1C0 /* Base */ = {isa = PBXFileReference; lastKnownFileType = file.storyboard; name = Base; path = Base.lproj/LaunchScreen.storyboard; sourceTree = "<group>"; };
		9AE032C41C3F46040040C1C0 /* Info.plist */ = {isa = PBXFileReference; lastKnownFileType = text.plist.xml; path = Info.plist; sourceTree = "<group>"; };
		9AE032C91C3F46040040C1C0 /* blockAndDelagetaTests.xctest */ = {isa = PBXFileReference; explicitFileType = wrapper.cfbundle; includeInIndex = 0; path = blockAndDelagetaTests.xctest; sourceTree = BUILT_PRODUCTS_DIR; };
		9AE032CD1C3F46040040C1C0 /* blockAndDelagetaTests.m */ = {isa = PBXFileReference; lastKnownFileType = sourcecode.c.objc; path = blockAndDelagetaTests.m; sourceTree = "<group>"; };
		9AE032CF1C3F46040040C1C0 /* Info.plist */ = {isa = PBXFileReference; lastKnownFileType = text.plist.xml; path = Info.plist; sourceTree = "<group>"; };
		9AE032D41C3F46040040C1C0 /* blockAndDelagetaUITests.xctest */ = {isa = PBXFileReference; explicitFileType = wrapper.cfbundle; includeInIndex = 0; path = blockAndDelagetaUITests.xctest; sourceTree = BUILT_PRODUCTS_DIR; };
		9AE032D81C3F46040040C1C0 /* blockAndDelagetaUITests.m */ = {isa = PBXFileReference; lastKnownFileType = sourcecode.c.objc; path = blockAndDelagetaUITests.m; sourceTree = "<group>"; };
		9AE032DA1C3F46040040C1C0 /* Info.plist */ = {isa = PBXFileReference; lastKnownFileType = text.plist.xml; path = Info.plist; sourceTree = "<group>"; };
/* End PBXFileReference section */

/* Begin PBXFrameworksBuildPhase section */
		9AE032AD1C3F46040040C1C0 /* Frameworks */ = {
			isa = PBXFrameworksBuildPhase;
			buildActionMask = 2147483647;
			files = (
			);
			runOnlyForDeploymentPostprocessing = 0;
		};
		9AE032C61C3F46040040C1C0 /* Frameworks */ = {
			isa = PBXFrameworksBuildPhase;
			buildActionMask = 2147483647;
			files = (
			);
			runOnlyForDeploymentPostprocessing = 0;
		};
		9AE032D11C3F46040040C1C0 /* Frameworks */ = {
			isa = PBXFrameworksBuildPhase;
			buildActionMask = 2147483647;
			files = (
			);
			runOnlyForDeploymentPostprocessing = 0;
		};
/* End PBXFrameworksBuildPhase section */

/* Begin PBXGroup section */
		9AE032A71C3F46040040C1C0 = {
			isa = PBXGroup;
			children = (
				9AE032B21C3F46040040C1C0 /* blockAndDelageta */,
				9AE032CC1C3F46040040C1C0 /* blockAndDelagetaTests */,
				9AE032D71C3F46040040C1C0 /* blockAndDelagetaUITests */,
				9AE032B11C3F46040040C1C0 /* Products */,
			);
			sourceTree = "<group>";
		};
		9AE032B11C3F46040040C1C0 /* Products */ = {
			isa = PBXGroup;
			children = (
				9AE032B01C3F46040040C1C0 /* blockAndDelageta.app */,
				9AE032C91C3F46040040C1C0 /* blockAndDelagetaTests.xctest */,
				9AE032D41C3F46040040C1C0 /* blockAndDelagetaUITests.xctest */,
			);
			name = Products;
			sourceTree = "<group>";
		};
		9AE032B21C3F46040040C1C0 /* blockAndDelageta */ = {
			isa = PBXGroup;
			children = (
				9AE032B61C3F46040040C1C0 /* AppDelegate.h */,
				9AE032B71C3F46040040C1C0 /* AppDelegate.m */,
				9AE032B91C3F46040040C1C0 /* ViewController.h */,
				9AE032BA1C3F46040040C1C0 /* ViewController.m */,
				9AE032BC1C3F46040040C1C0 /* Main.storyboard */,
				9AE032BF1C3F46040040C1C0 /* Assets.xcassets */,
				9AE032C11C3F46040040C1C0 /* LaunchScreen.storyboard */,
				9AE032C41C3F46040040C1C0 /* Info.plist */,
				9AE032B31C3F46040040C1C0 /* Supporting Files */,
			);
			path = blockAndDelageta;
			sourceTree = "<group>";
		};
		9AE032B31C3F46040040C1C0 /* Supporting Files */ = {
			isa = PBXGroup;
			children = (
				9AE032B41C3F46040040C1C0 /* main.m */,
			);
			name = "Supporting Files";
			sourceTree = "<group>";
		};
		9AE032CC1C3F46040040C1C0 /* blockAndDelagetaTests */ = {
			isa = PBXGroup;
			children = (
				9AE032CD1C3F46040040C1C0 /* blockAndDelagetaTests.m */,
				9AE032CF1C3F46040040C1C0 /* Info.plist */,
			);
			path = blockAndDelagetaTests;
			sourceTree = "<group>";
		};
		9AE032D71C3F46040040C1C0 /* blockAndDelagetaUITests */ = {
			isa = PBXGroup;
			children = (
				9AE032D81C3F46040040C1C0 /* blockAndDelagetaUITests.m */,
				9AE032DA1C3F46040040C1C0 /* Info.plist */,
			);
			path = blockAndDelagetaUITests;
			sourceTree = "<group>";
		};
/* End PBXGroup section */

/* Begin PBXNativeTarget section */
		9AE032AF1C3F46040040C1C0 /* blockAndDelageta */ = {
			isa = PBXNativeTarget;
			buildConfigurationList = 9AE032DD1C3F46040040C1C0 /* Build configuration list for PBXNativeTarget "blockAndDelageta" */;
			buildPhases = (
				9AE032AC1C3F46040040C1C0 /* Sources */,
				9AE032AD1C3F46040040C1C0 /* Frameworks */,
				9AE032AE1C3F46040040C1C0 /* Resources */,
			);
			buildRules = (
			);
			dependencies = (
			);
			name = blockAndDelageta;
			productName = blockAndDelageta;
			productReference = 9AE032B01C3F46040040C1C0 /* blockAndDelageta.app */;
			productType = "com.apple.product-type.application";
		};
		9AE032C81C3F46040040C1C0 /* blockAndDelagetaTests */ = {
			isa = PBXNativeTarget;
			buildConfigurationList = 9AE032E01C3F46040040C1C0 /* Build configuration list for PBXNativeTarget "blockAndDelagetaTests" */;
			buildPhases = (
				9AE032C51C3F46040040C1C0 /* Sources */,
				9AE032C61C3F46040040C1C0 /* Frameworks */,
				9AE032C71C3F46040040C1C0 /* Resources */,
			);
			buildRules = (
			);
			dependencies = (
				9AE032CB1C3F46040040C1C0 /* PBXTargetDependency */,
			);
			name = blockAndDelagetaTests;
			productName = blockAndDelagetaTests;
			productReference = 9AE032C91C3F46040040C1C0 /* blockAndDelagetaTests.xctest */;
			productType = "com.apple.product-type.bundle.unit-test";
		};
		9AE032D31C3F46040040C1C0 /* blockAndDelagetaUITests */ = {
			isa = PBXNativeTarget;
			buildConfigurationList = 9AE032E31C3F46040040C1C0 /* Build configuration list for PBXNativeTarget "blockAndDelagetaUITests" */;
			buildPhases = (
				9AE032D01C3F46040040C1C0 /* Sources */,
				9AE032D11C3F46040040C1C0 /* Frameworks */,
				9AE032D21C3F46040040C1C0 /* Resources */,
			);
			buildRules = (
			);
			dependencies = (
				9AE032D61C3F46040040C1C0 /* PBXTargetDependency */,
			);
			name = blockAndDelagetaUITests;
			productName = blockAndDelagetaUITests;
			productReference = 9AE032D41C3F46040040C1C0 /* blockAndDelagetaUITests.xctest */;
			productType = "com.apple.product-type.bundle.ui-testing";
		};
/* End PBXNativeTarget section */

/* Begin PBXProject section */
		9AE032A81C3F46040040C1C0 /* Project object */ = {
			isa = PBXProject;
			attributes = {
				LastUpgradeCheck = 0720;
				ORGANIZATIONNAME = dbjyz;
				TargetAttributes = {
					9AE032AF1C3F46040040C1C0 = {
						CreatedOnToolsVersion = 7.2;
					};
					9AE032C81C3F46040040C1C0 = {
						CreatedOnToolsVersion = 7.2;
						TestTargetID = 9AE032AF1C3F46040040C1C0;
					};
					9AE032D31C3F46040040C1C0 = {
						CreatedOnToolsVersion = 7.2;
						TestTargetID = 9AE032AF1C3F46040040C1C0;
					};
				};
			};
			buildConfigurationList = 9AE032AB1C3F46040040C1C0 /* Build configuration list for PBXProject "blockAndDelageta" */;
			compatibilityVersion = "Xcode 3.2";
			developmentRegion = English;
			hasScannedForEncodings = 0;
			knownRegions = (
				en,
				Base,
			);
			mainGroup = 9AE032A71C3F46040040C1C0;
			productRefGroup = 9AE032B11C3F46040040C1C0 /* Products */;
			projectDirPath = "";
			projectRoot = "";
			targets = (
				9AE032AF1C3F46040040C1C0 /* blockAndDelageta */,
				9AE032C81C3F46040040C1C0 /* blockAndDelagetaTests */,
				9AE032D31C3F46040040C1C0 /* blockAndDelagetaUITests */,
			);
		};
/* End PBXProject section */

/* Begin PBXResourcesBuildPhase section */
		9AE032AE1C3F46040040C1C0 /* Resources */ = {
			isa = PBXResourcesBuildPhase;
			buildActionMask = 2147483647;
			files = (
				9AE032C31C3F46040040C1C0 /* LaunchScreen.storyboard in Resources */,
				9AE032C01C3F46040040C1C0 /* Assets.xcassets in Resources */,
				9AE032BE1C3F46040040C1C0 /* Main.storyboard in Resources */,
			);
			runOnlyForDeploymentPostprocessing = 0;
		};
		9AE032C71C3F46040040C1C0 /* Resources */ = {
			isa = PBXResourcesBuildPhase;
			buildActionMask = 2147483647;
			files = (
			);
			runOnlyForDeploymentPostprocessing = 0;
		};
		9AE032D21C3F46040040C1C0 /* Resources */ = {
			isa = PBXResourcesBuildPhase;
			buildActionMask = 2147483647;
			files = (
			);
			runOnlyForDeploymentPostprocessing = 0;
		};
/* End PBXResourcesBuildPhase section */

/* Begin PBXSourcesBuildPhase section */
		9AE032AC1C3F46040040C1C0 /* Sources */ = {
			isa = PBXSourcesBuildPhase;
			buildActionMask = 2147483647;
			files = (
				9AE032BB1C3F46040040C1C0 /* ViewController.m in Sources */,
				9AE032B81C3F46040040C1C0 /* AppDelegate.m in Sources */,
				9AE032B51C3F46040040C1C0 /* main.m in Sources */,
			);
			runOnlyForDeploymentPostprocessing = 0;
		};
		9AE032C51C3F46040040C1C0 /* Sources */ = {
			isa = PBXSourcesBuildPhase;
			buildActionMask = 2147483647;
			files = (
				9AE032CE1C3F46040040C1C0 /* blockAndDelagetaTests.m in Sources */,
			);
			runOnlyForDeploymentPostprocessing = 0;
		};
		9AE032D01C3F46040040C1C0 /* Sources */ = {
			isa = PBXSourcesBuildPhase;
			buildActionMask = 2147483647;
			files = (
				9AE032D91C3F46040040C1C0 /* blockAndDelagetaUITests.m in Sources */,
			);
			runOnlyForDeploymentPostprocessing = 0;
		};
/* End PBXSourcesBuildPhase section */

/* Begin PBXTargetDependency section */
		9AE032CB1C3F46040040C1C0 /* PBXTargetDependency */ = {
			isa = PBXTargetDependency;
			target = 9AE032AF1C3F46040040C1C0 /* blockAndDelageta */;
			targetProxy = 9AE032CA1C3F46040040C1C0 /* PBXContainerItemProxy */;
		};
		9AE032D61C3F46040040C1C0 /* PBXTargetDependency */ = {
			isa = PBXTargetDependency;
			target = 9AE032AF1C3F46040040C1C0 /* blockAndDelageta */;
			targetProxy = 9AE032D51C3F46040040C1C0 /* PBXContainerItemProxy */;
		};
/* End PBXTargetDependency section */

/* Begin PBXVariantGroup section */
		9AE032BC1C3F46040040C1C0 /* Main.storyboard */ = {
			isa = PBXVariantGroup;
			children = (
				9AE032BD1C3F46040040C1C0 /* Base */,
			);
			name = Main.storyboard;
			sourceTree = "<group>";
		};
		9AE032C11C3F46040040C1C0 /* LaunchScreen.storyboard */ = {
			isa = PBXVariantGroup;
			children = (
				9AE032C21C3F46040040C1C0 /* Base */,
			);
			name = LaunchScreen.storyboard;
			sourceTree = "<group>";
		};
/* End PBXVariantGroup section */

/* Begin XCBuildConfiguration section */
		9AE032DB1C3F46040040C1C0 /* Debug */ = {
			isa = XCBuildConfiguration;
			buildSettings = {
				ALWAYS_SEARCH_USER_PATHS = NO;
				CLANG_CXX_LANGUAGE_STANDARD = "gnu++0x";
				CLANG_CXX_LIBRARY = "libc++";
				CLANG_ENABLE_MODULES = YES;
				CLANG_ENABLE_OBJC_ARC = YES;
				CLANG_WARN_BOOL_CONVERSION = YES;
				CLANG_WARN_CONSTANT_CONVERSION = YES;
				CLANG_WARN_DIRECT_OBJC_ISA_USAGE = YES_ERROR;
				CLANG_WARN_EMPTY_BODY = YES;
				CLANG_WARN_ENUM_CONVERSION = YES;
				CLANG_WARN_INT_CONVERSION = YES;
				CLANG_WARN_OBJC_ROOT_CLASS = YES_ERROR;
				CLANG_WARN_UNREACHABLE_CODE = YES;
				CLANG_WARN__DUPLICATE_METHOD_MATCH = YES;
				"CODE_SIGN_IDENTITY[sdk=iphoneos*]" = "iPhone Developer";
				COPY_PHASE_STRIP = NO;
				DEBUG_INFORMATION_FORMAT = dwarf;
				ENABLE_STRICT_OBJC_MSGSEND = YES;
				ENABLE_TESTABILITY = YES;
				GCC_C_LANGUAGE_STANDARD = gnu99;
				GCC_DYNAMIC_NO_PIC = NO;
				GCC_NO_COMMON_BLOCKS = YES;
				GCC_OPTIMIZATION_LEVEL = 0;
				GCC_PREPROCESSOR_DEFINITIONS = (
					"DEBUG=1",
					"$(inherited)",
				);
				GCC_WARN_64_TO_32_BIT_CONVERSION = YES;
				GCC_WARN_ABOUT_RETURN_TYPE = YES_ERROR;
				GCC_WARN_UNDECLARED_SELECTOR = YES;
				GCC_WARN_UNINITIALIZED_AUTOS = YES_AGGRESSIVE;
				GCC_WARN_UNUSED_FUNCTION = YES;
				GCC_WARN_UNUSED_VARIABLE = YES;
				IPHONEOS_DEPLOYMENT_TARGET = 9.2;
				MTL_ENABLE_DEBUG_INFO = YES;
				ONLY_ACTIVE_ARCH = YES;
				SDKROOT = iphoneos;
				TARGETED_DEVICE_FAMILY = "1,2";
			};
			name = Debug;
		};
		9AE032DC1C3F46040040C1C0 /* Release */ = {
			isa = XCBuildConfiguration;
			buildSettings = {
				ALWAYS_SEARCH_USER_PATHS = NO;
				CLANG_CXX_LANGUAGE_STANDARD = "gnu++0x";
				CLANG_CXX_LIBRARY = "libc++";
				CLANG_ENABLE_MODULES = YES;
				CLANG_ENABLE_OBJC_ARC = YES;
				CLANG_WARN_BOOL_CONVERSION = YES;
				CLANG_WARN_CONSTANT_CONVERSION = YES;
				CLANG_WARN_DIRECT_OBJC_ISA_USAGE = YES_ERROR;
				CLANG_WARN_EMPTY_BODY = YES;
				CLANG_WARN_ENUM_CONVERSION = YES;
				CLANG_WARN_INT_CONVERSION = YES;
				CLANG_WARN_OBJC_ROOT_CLASS = YES_ERROR;
				CLANG_WARN_UNREACHABLE_CODE = YES;
				CLANG_WARN__DUPLICATE_METHOD_MATCH = YES;
				"CODE_SIGN_IDENTITY[sdk=iphoneos*]" = "iPhone Developer";
				COPY_PHASE_STRIP = NO;
				DEBUG_INFORMATION_FORMAT = "dwarf-with-dsym";
				ENABLE_NS_ASSERTIONS = NO;
				ENABLE_STRICT_OBJC_MSGSEND = YES;
				GCC_C_LANGUAGE_STANDARD = gnu99;
				GCC_NO_COMMON_BLOCKS = YES;
				GCC_WARN_64_TO_32_BIT_CONVERSION = YES;
				GCC_WARN_ABOUT_RETURN_TYPE = YES_ERROR;
				GCC_WARN_UNDECLARED_SELECTOR = YES;
				GCC_WARN_UNINITIALIZED_AUTOS = YES_AGGRESSIVE;
				GCC_WARN_UNUSED_FUNCTION = YES;
				GCC_WARN_UNUSED_VARIABLE = YES;
				IPHONEOS_DEPLOYMENT_TARGET = 9.2;
				MTL_ENABLE_DEBUG_INFO = NO;
				SDKROOT = iphoneos;
				TARGETED_DEVICE_FAMILY = "1,2";
				VALIDATE_PRODUCT = YES;
			};
			name = Release;
		};
		9AE032DE1C3F46040040C1C0 /* Debug */ = {
			isa = XCBuildConfiguration;
			buildSettings = {
				ASSETCATALOG_COMPILER_APPICON_NAME = AppIcon;
				INFOPLIST_FILE = blockAndDelageta/Info.plist;
				LD_RUNPATH_SEARCH_PATHS = "$(inherited) @executable_path/Frameworks";
				PRODUCT_BUNDLE_IDENTIFIER = com.zzti.blockAndDelageta;
				PRODUCT_NAME = "$(TARGET_NAME)";
			};
			name = Debug;
		};
		9AE032DF1C3F46040040C1C0 /* Release */ = {
			isa = XCBuildConfiguration;
			buildSettings = {
				ASSETCATALOG_COMPILER_APPICON_NAME = AppIcon;
				INFOPLIST_FILE = blockAndDelageta/Info.plist;
				LD_RUNPATH_SEARCH_PATHS = "$(inherited) @executable_path/Frameworks";
				PRODUCT_BUNDLE_IDENTIFIER = com.zzti.blockAndDelageta;
				PRODUCT_NAME = "$(TARGET_NAME)";
			};
			name = Release;
		};
		9AE032E11C3F46040040C1C0 /* Debug */ = {
			isa = XCBuildConfiguration;
			buildSettings = {
				BUNDLE_LOADER = "$(TEST_HOST)";
				INFOPLIST_FILE = blockAndDelagetaTests/Info.plist;
				LD_RUNPATH_SEARCH_PATHS = "$(inherited) @executable_path/Frameworks @loader_path/Frameworks";
				PRODUCT_BUNDLE_IDENTIFIER = com.zzti.blockAndDelagetaTests;
				PRODUCT_NAME = "$(TARGET_NAME)";
				TEST_HOST = "$(BUILT_PRODUCTS_DIR)/blockAndDelageta.app/blockAndDelageta";
			};
			name = Debug;
		};
		9AE032E21C3F46040040C1C0 /* Release */ = {
			isa = XCBuildConfiguration;
			buildSettings = {
				BUNDLE_LOADER = "$(TEST_HOST)";
				INFOPLIST_FILE = blockAndDelagetaTests/Info.plist;
				LD_RUNPATH_SEARCH_PATHS = "$(inherited) @executable_path/Frameworks @loader_path/Frameworks";
				PRODUCT_BUNDLE_IDENTIFIER = com.zzti.blockAndDelagetaTests;
				PRODUCT_NAME = "$(TARGET_NAME)";
				TEST_HOST = "$(BUILT_PRODUCTS_DIR)/blockAndDelageta.app/blockAndDelageta";
			};
			name = Release;
		};
		9AE032E41C3F46040040C1C0 /* Debug */ = {
			isa = XCBuildConfiguration;
			buildSettings = {
				INFOPLIST_FILE = blockAndDelagetaUITests/Info.plist;
				LD_RUNPATH_SEARCH_PATHS = "$(inherited) @executable_path/Frameworks @loader_path/Frameworks";
				PRODUCT_BUNDLE_IDENTIFIER = com.zzti.blockAndDelagetaUITests;
				PRODUCT_NAME = "$(TARGET_NAME)";
				TEST_TARGET_NAME = blockAndDelageta;
				USES_XCTRUNNER = YES;
			};
			name = Debug;
		};
		9AE032E51C3F46040040C1C0 /* Release */ = {
			isa = XCBuildConfiguration;
			buildSettings = {
				INFOPLIST_FILE = blockAndDelagetaUITests/Info.plist;
				LD_RUNPATH_SEARCH_PATHS = "$(inherited) @executable_path/Frameworks @loader_path/Frameworks";
				PRODUCT_BUNDLE_IDENTIFIER = com.zzti.blockAndDelagetaUITests;
				PRODUCT_NAME = "$(TARGET_NAME)";
				TEST_TARGET_NAME = blockAndDelageta;
				USES_XCTRUNNER = YES;
			};
			name = Release;
		};
/* End XCBuildConfiguration section */

/* Begin XCConfigurationList section */
		9AE032AB1C3F46040040C1C0 /* Build configuration list for PBXProject "blockAndDelageta" */ = {
			isa = XCConfigurationList;
			buildConfigurations = (
				9AE032DB1C3F46040040C1C0 /* Debug */,
				9AE032DC1C3F46040040C1C0 /* Release */,
			);
			defaultConfigurationIsVisible = 0;
			defaultConfigurationName = Release;
		};
		9AE032DD1C3F46040040C1C0 /* Build configuration list for PBXNativeTarget "blockAndDelageta" */ = {
			isa = XCConfigurationList;
			buildConfigurations = (
				9AE032DE1C3F46040040C1C0 /* Debug */,
				9AE032DF1C3F46040040C1C0 /* Release */,
			);
			defaultConfigurationIsVisible = 0;
		};
		9AE032E01C3F46040040C1C0 /* Build configuration list for PBXNativeTarget "blockAndDelagetaTests" */ = {
			isa = XCConfigurationList;
			buildConfigurations = (
				9AE032E11C3F46040040C1C0 /* Debug */,
				9AE032E21C3F46040040C1C0 /* Release */,
			);
			defaultConfigurationIsVisible = 0;
		};
		9AE032E31C3F46040040C1C0 /* Build configuration list for PBXNativeTarget "blockAndDelagetaUITests" */ = {
			isa = XCConfigurationList;
			buildConfigurations = (
				9AE032E41C3F46040040C1C0 /* Debug */,
				9AE032E51C3F46040040C1C0 /* Release */,
			);
			defaultConfigurationIsVisible = 0;
		};
/* End XCConfigurationList section */
	};
	rootObject = 9AE032A81C3F46040040C1C0 /* Project object */;
}
